{
  "name": "micro-frontends-orchestrator",
  "version": "1.0.0",
  "lockfileVersion": 1,
  "requires": true,
  "dependencies": {
    "@vaadin/router": {
      "version": "1.4.2",
      "resolved": "https://registry.npmjs.org/@vaadin/router/-/router-1.4.2.tgz",
      "integrity": "sha512-BT9cZulygDhX4ylow//eG1lkplotsTDRTqnVit4mSSw8Z1OE8igioVzB2XYWJ/JIhB/vGCIp00RoV+XRc4EBoQ==",
      "requires": {
        "@vaadin/vaadin-usage-statistics": "2.0.10",
        "path-to-regexp": "2.4.0"
      }
    },
    "@vaadin/vaadin-development-mode-detector": {
      "version": "2.0.4",
      "resolved": "https://registry.npmjs.org/@vaadin/vaadin-development-mode-detector/-/vaadin-development-mode-detector-2.0.4.tgz",
      "integrity": "sha512-S+PaFrZpK8uBIOnIHxjntTrgumd5ztuCnZww96ydGKXgo9whXfZsbMwDuD/102a/IuPUMyF+dh/n3PbWzJ6igA=="
    },
    "@vaadin/vaadin-usage-statistics": {
      "version": "2.0.10",
      "resolved": "https://registry.npmjs.org/@vaadin/vaadin-usage-statistics/-/vaadin-usage-statistics-2.0.10.tgz",
      "integrity": "sha512-j8bD1Ecl/UB3a2lgzS3j8nh/X2jfA38Pg74vTSepyE6OgzFggjWIyWrlrnQScQik5PkjHByKW4Cj33Rpt2Zm8g==",
      "requires": {
        "@vaadin/vaadin-development-mode-detector": "2.0.4"
      }
    },
    "h-include": {
      "version": "4.1.0",
      "resolved": "https://registry.npmjs.org/h-include/-/h-include-4.1.0.tgz",
      "integrity": "sha512-QTxxaixXlXoJZBlaGxRlWDNY2Jji4JajsGIeJtk/Rkpu0+7rmuGHffk9bFgRlusCnzXJRI59/F4QHc6C05PIqA=="
    },
    "lit-element": {
      "version": "2.2.1",
      "resolved": "https://registry.npmjs.org/lit-element/-/lit-element-2.2.1.tgz",
      "integrity": "sha512-ipDcgQ1EpW6Va2Z6dWm79jYdimVepO5GL0eYkZrFvdr0OD/1N260Q9DH+K5HXHFrRoC7dOg+ZpED2XE0TgGdXw==",
      "requires": {
        "lit-html": "1.1.2"
      }
    },
    "lit-html": {
      "version": "1.1.2",
      "resolved": "https://registry.npmjs.org/lit-html/-/lit-html-1.1.2.tgz",
      "integrity": "sha512-FFlUMKHKi+qG1x1iHNZ1hrtc/zHmfYTyrSvs3/wBTvaNtpZjOZGWzU7efGYVpgp6KvWeKF6ql9/KsCq6Z/mEDA=="
    },
    "path-to-regexp": {
      "version": "2.4.0",
      "resolved": "https://registry.npmjs.org/path-to-regexp/-/path-to-regexp-2.4.0.tgz",
      "integrity": "sha512-G6zHoVqC6GGTQkZwF4lkuEyMbVOjoBKAEybQUypI1WTkqinCOrq2x6U2+phkJ1XsEMTy4LjtwPI7HW+NVrRR2w=="
    }
  }
}
